// !$*UTF8*$!
{
	archiveVersion = 1;
	classes = {
	};
	objectVersion = 50;
	objects = {

/* Begin PBXBuildFile section */
		F7C3446A25D1BEC800F061DD /* AppDelegate.swift in Sources */ = {isa = PBXBuildFile; fileRef = F7C3446925D1BEC800F061DD /* AppDelegate.swift */; };
		F7C3446C25D1BEC800F061DD /* SceneDelegate.swift in Sources */ = {isa = PBXBuildFile; fileRef = F7C3446B25D1BEC800F061DD /* SceneDelegate.swift */; };
		F7C3446E25D1BEC800F061DD /* ViewController.swift in Sources */ = {isa = PBXBuildFile; fileRef = F7C3446D25D1BEC800F061DD /* ViewController.swift */; };
		F7C3447125D1BEC800F061DD /* Main.storyboard in Resources */ = {isa = PBXBuildFile; fileRef = F7C3446F25D1BEC800F061DD /* Main.storyboard */; };
		F7C3447325D1BECC00F061DD /* Assets.xcassets in Resources */ = {isa = PBXBuildFile; fileRef = F7C3447225D1BECC00F061DD /* Assets.xcassets */; };
		F7C3447625D1BECC00F061DD /* LaunchScreen.storyboard in Resources */ = {isa = PBXBuildFile; fileRef = F7C3447425D1BECC00F061DD /* LaunchScreen.storyboard */; };
		F7C3448125D1BECC00F061DD /* ParstagramTests.swift in Sources */ = {isa = PBXBuildFile; fileRef = F7C3448025D1BECC00F061DD /* ParstagramTests.swift */; };
		F7C3448C25D1BECC00F061DD /* ParstagramUITests.swift in Sources */ = {isa = PBXBuildFile; fileRef = F7C3448B25D1BECC00F061DD /* ParstagramUITests.swift */; };
/* End PBXBuildFile section */

/* Begin PBXContainerItemProxy section */
		F7C3447D25D1BECC00F061DD /* PBXContainerItemProxy */ = {
			isa = PBXContainerItemProxy;
			containerPortal = F7C3445E25D1BEC800F061DD /* Project object */;
			proxyType = 1;
			remoteGlobalIDString = F7C3446525D1BEC800F061DD;
			remoteInfo = Parstagram;
		};
		F7C3448825D1BECC00F061DD /* PBXContainerItemProxy */ = {
			isa = PBXContainerItemProxy;
			containerPortal = F7C3445E25D1BEC800F061DD /* Project object */;
			proxyType = 1;
			remoteGlobalIDString = F7C3446525D1BEC800F061DD;
			remoteInfo = Parstagram;
		};
/* End PBXContainerItemProxy section */

/* Begin PBXFileReference section */
		F7C3446625D1BEC800F061DD /* Parstagram.app */ = {isa = PBXFileReference; explicitFileType = wrapper.application; includeInIndex = 0; path = Parstagram.app; sourceTree = BUILT_PRODUCTS_DIR; };
		F7C3446925D1BEC800F061DD /* AppDelegate.swift */ = {isa = PBXFileReference; lastKnownFileType = sourcecode.swift; path = AppDelegate.swift; sourceTree = "<group>"; };
		F7C3446B25D1BEC800F061DD /* SceneDelegate.swift */ = {isa = PBXFileReference; lastKnownFileType = sourcecode.swift; path = SceneDelegate.swift; sourceTree = "<group>"; };
		F7C3446D25D1BEC800F061DD /* ViewController.swift */ = {isa = PBXFileReference; lastKnownFileType = sourcecode.swift; path = ViewController.swift; sourceTree = "<group>"; };
		F7C3447025D1BEC800F061DD /* Base */ = {isa = PBXFileReference; lastKnownFileType = file.storyboard; name = Base; path = Base.lproj/Main.storyboard; sourceTree = "<group>"; };
		F7C3447225D1BECC00F061DD /* Assets.xcassets */ = {isa = PBXFileReference; lastKnownFileType = folder.assetcatalog; path = Assets.xcassets; sourceTree = "<group>"; };
		F7C3447525D1BECC00F061DD /* Base */ = {isa = PBXFileReference; lastKnownFileType = file.storyboard; name = Base; path = Base.lproj/LaunchScreen.storyboard; sourceTree = "<group>"; };
		F7C3447725D1BECC00F061DD /* Info.plist */ = {isa = PBXFileReference; lastKnownFileType = text.plist.xml; path = Info.plist; sourceTree = "<group>"; };
		F7C3447C25D1BECC00F061DD /* ParstagramTests.xctest */ = {isa = PBXFileReference; explicitFileType = wrapper.cfbundle; includeInIndex = 0; path = ParstagramTests.xctest; sourceTree = BUILT_PRODUCTS_DIR; };
		F7C3448025D1BECC00F061DD /* ParstagramTests.swift */ = {isa = PBXFileReference; lastKnownFileType = sourcecode.swift; path = ParstagramTests.swift; sourceTree = "<group>"; };
		F7C3448225D1BECC00F061DD /* Info.plist */ = {isa = PBXFileReference; lastKnownFileType = text.plist.xml; path = Info.plist; sourceTree = "<group>"; };
		F7C3448725D1BECC00F061DD /* ParstagramUITests.xctest */ = {isa = PBXFileReference; explicitFileType = wrapper.cfbundle; includeInIndex = 0; path = ParstagramUITests.xctest; sourceTree = BUILT_PRODUCTS_DIR; };
		F7C3448B25D1BECC00F061DD /* ParstagramUITests.swift */ = {isa = PBXFileReference; lastKnownFileType = sourcecode.swift; path = ParstagramUITests.swift; sourceTree = "<group>"; };
		F7C3448D25D1BECC00F061DD /* Info.plist */ = {isa = PBXFileReference; lastKnownFileType = text.plist.xml; path = Info.plist; sourceTree = "<group>"; };
/* End PBXFileReference section */

/* Begin PBXFrameworksBuildPhase section */
		F7C3446325D1BEC800F061DD /* Frameworks */ = {
			isa = PBXFrameworksBuildPhase;
			buildActionMask = 2147483647;
			files = (
			);
			runOnlyForDeploymentPostprocessing = 0;
		};
		F7C3447925D1BECC00F061DD /* Frameworks */ = {
			isa = PBXFrameworksBuildPhase;
			buildActionMask = 2147483647;
			files = (
			);
			runOnlyForDeploymentPostprocessing = 0;
		};
		F7C3448425D1BECC00F061DD /* Frameworks */ = {
			isa = PBXFrameworksBuildPhase;
			buildActionMask = 2147483647;
			files = (
			);
			runOnlyForDeploymentPostprocessing = 0;
		};
/* End PBXFrameworksBuildPhase section */

/* Begin PBXGroup section */
		F7C3445D25D1BEC800F061DD = {
			isa = PBXGroup;
			children = (
				F7C3446825D1BEC800F061DD /* Parstagram */,
				F7C3447F25D1BECC00F061DD /* ParstagramTests */,
				F7C3448A25D1BECC00F061DD /* ParstagramUITests */,
				F7C3446725D1BEC800F061DD /* Products */,
			);
			sourceTree = "<group>";
		};
		F7C3446725D1BEC800F061DD /* Products */ = {
			isa = PBXGroup;
			children = (
				F7C3446625D1BEC800F061DD /* Parstagram.app */,
				F7C3447C25D1BECC00F061DD /* ParstagramTests.xctest */,
				F7C3448725D1BECC00F061DD /* ParstagramUITests.xctest */,
			);
			name = Products;
			sourceTree = "<group>";
		};
		F7C3446825D1BEC800F061DD /* Parstagram */ = {
			isa = PBXGroup;
			children = (
				F7C3446925D1BEC800F061DD /* AppDelegate.swift */,
				F7C3446B25D1BEC800F061DD /* SceneDelegate.swift */,
				F7C3446D25D1BEC800F061DD /* ViewController.swift */,
				F7C3446F25D1BEC800F061DD /* Main.storyboard */,
				F7C3447225D1BECC00F061DD /* Assets.xcassets */,
				F7C3447425D1BECC00F061DD /* LaunchScreen.storyboard */,
				F7C3447725D1BECC00F061DD /* Info.plist */,
			);
			path = Parstagram;
			sourceTree = "<group>";
		};
		F7C3447F25D1BECC00F061DD /* ParstagramTests */ = {
			isa = PBXGroup;
			children = (
				F7C3448025D1BECC00F061DD /* ParstagramTests.swift */,
				F7C3448225D1BECC00F061DD /* Info.plist */,
			);
			path = ParstagramTests;
			sourceTree = "<group>";
		};
		F7C3448A25D1BECC00F061DD /* ParstagramUITests */ = {
			isa = PBXGroup;
			children = (
				F7C3448B25D1BECC00F061DD /* ParstagramUITests.swift */,
				F7C3448D25D1BECC00F061DD /* Info.plist */,
			);
			path = ParstagramUITests;
			sourceTree = "<group>";
		};
/* End PBXGroup section */

/* Begin PBXNativeTarget section */
		F7C3446525D1BEC800F061DD /* Parstagram */ = {
			isa = PBXNativeTarget;
			buildConfigurationList = F7C3449025D1BECC00F061DD /* Build configuration list for PBXNativeTarget "Parstagram" */;
			buildPhases = (
				F7C3446225D1BEC800F061DD /* Sources */,
				F7C3446325D1BEC800F061DD /* Frameworks */,
				F7C3446425D1BEC800F061DD /* Resources */,
			);
			buildRules = (
			);
			dependencies = (
			);
			name = Parstagram;
			productName = Parstagram;
			productReference = F7C3446625D1BEC800F061DD /* Parstagram.app */;
			productType = "com.apple.product-type.application";
		};
		F7C3447B25D1BECC00F061DD /* ParstagramTests */ = {
			isa = PBXNativeTarget;
			buildConfigurationList = F7C3449325D1BECC00F061DD /* Build configuration list for PBXNativeTarget "ParstagramTests" */;
			buildPhases = (
				F7C3447825D1BECC00F061DD /* Sources */,
				F7C3447925D1BECC00F061DD /* Frameworks */,
				F7C3447A25D1BECC00F061DD /* Resources */,
			);
			buildRules = (
			);
			dependencies = (
				F7C3447E25D1BECC00F061DD /* PBXTargetDependency */,
			);
			name = ParstagramTests;
			productName = ParstagramTests;
			productReference = F7C3447C25D1BECC00F061DD /* ParstagramTests.xctest */;
			productType = "com.apple.product-type.bundle.unit-test";
		};
		F7C3448625D1BECC00F061DD /* ParstagramUITests */ = {
			isa = PBXNativeTarget;
			buildConfigurationList = F7C3449625D1BECC00F061DD /* Build configuration list for PBXNativeTarget "ParstagramUITests" */;
			buildPhases = (
				F7C3448325D1BECC00F061DD /* Sources */,
				F7C3448425D1BECC00F061DD /* Frameworks */,
				F7C3448525D1BECC00F061DD /* Resources */,
			);
			buildRules = (
			);
			dependencies = (
				F7C3448925D1BECC00F061DD /* PBXTargetDependency */,
			);
			name = ParstagramUITests;
			productName = ParstagramUITests;
			productReference = F7C3448725D1BECC00F061DD /* ParstagramUITests.xctest */;
			productType = "com.apple.product-type.bundle.ui-testing";
		};
/* End PBXNativeTarget section */

/* Begin PBXProject section */
		F7C3445E25D1BEC800F061DD /* Project object */ = {
			isa = PBXProject;
			attributes = {
				LastSwiftUpdateCheck = 1240;
				LastUpgradeCheck = 1240;
				TargetAttributes = {
					F7C3446525D1BEC800F061DD = {
						CreatedOnToolsVersion = 12.4;
					};
					F7C3447B25D1BECC00F061DD = {
						CreatedOnToolsVersion = 12.4;
						TestTargetID = F7C3446525D1BEC800F061DD;
					};
					F7C3448625D1BECC00F061DD = {
						CreatedOnToolsVersion = 12.4;
						TestTargetID = F7C3446525D1BEC800F061DD;
					};
				};
			};
			buildConfigurationList = F7C3446125D1BEC800F061DD /* Build configuration list for PBXProject "Parstagram" */;
			compatibilityVersion = "Xcode 9.3";
			developmentRegion = en;
			hasScannedForEncodings = 0;
			knownRegions = (
				en,
				Base,
			);
			mainGroup = F7C3445D25D1BEC800F061DD;
			productRefGroup = F7C3446725D1BEC800F061DD /* Products */;
			projectDirPath = "";
			projectRoot = "";
			targets = (
				F7C3446525D1BEC800F061DD /* Parstagram */,
				F7C3447B25D1BECC00F061DD /* ParstagramTests */,
				F7C3448625D1BECC00F061DD /* ParstagramUITests */,
			);
		};
/* End PBXProject section */

/* Begin PBXResourcesBuildPhase section */
		F7C3446425D1BEC800F061DD /* Resources */ = {
			isa = PBXResourcesBuildPhase;
			buildActionMask = 2147483647;
			files = (
				F7C3447625D1BECC00F061DD /* LaunchScreen.storyboard in Resources */,
				F7C3447325D1BECC00F061DD /* Assets.xcassets in Resources */,
				F7C3447125D1BEC800F061DD /* Main.storyboard in Resources */,
			);
			runOnlyForDeploymentPostprocessing = 0;
		};
		F7C3447A25D1BECC00F061DD /* Resources */ = {
			isa = PBXResourcesBuildPhase;
			buildActionMask = 2147483647;
			files = (
			);
			runOnlyForDeploymentPostprocessing = 0;
		};
		F7C3448525D1BECC00F061DD /* Resources */ = {
			isa = PBXResourcesBuildPhase;
			buildActionMask = 2147483647;
			files = (
			);
			runOnlyForDeploymentPostprocessing = 0;
		};
/* End PBXResourcesBuildPhase section */

/* Begin PBXSourcesBuildPhase section */
		F7C3446225D1BEC800F061DD /* Sources */ = {
			isa = PBXSourcesBuildPhase;
			buildActionMask = 2147483647;
			files = (
				F7C3446E25D1BEC800F061DD /* ViewController.swift in Sources */,
				F7C3446A25D1BEC800F061DD /* AppDelegate.swift in Sources */,
				F7C3446C25D1BEC800F061DD /* SceneDelegate.swift in Sources */,
			);
			runOnlyForDeploymentPostprocessing = 0;
		};
		F7C3447825D1BECC00F061DD /* Sources */ = {
			isa = PBXSourcesBuildPhase;
			buildActionMask = 2147483647;
			files = (
				F7C3448125D1BECC00F061DD /* ParstagramTests.swift in Sources */,
			);
			runOnlyForDeploymentPostprocessing = 0;
		};
		F7C3448325D1BECC00F061DD /* Sources */ = {
			isa = PBXSourcesBuildPhase;
			buildActionMask = 2147483647;
			files = (
				F7C3448C25D1BECC00F061DD /* ParstagramUITests.swift in Sources */,
			);
			runOnlyForDeploymentPostprocessing = 0;
		};
/* End PBXSourcesBuildPhase section */

/* Begin PBXTargetDependency section */
		F7C3447E25D1BECC00F061DD /* PBXTargetDependency */ = {
			isa = PBXTargetDependency;
			target = F7C3446525D1BEC800F061DD /* Parstagram */;
			targetProxy = F7C3447D25D1BECC00F061DD /* PBXContainerItemProxy */;
		};
		F7C3448925D1BECC00F061DD /* PBXTargetDependency */ = {
			isa = PBXTargetDependency;
			target = F7C3446525D1BEC800F061DD /* Parstagram */;
			targetProxy = F7C3448825D1BECC00F061DD /* PBXContainerItemProxy */;
		};
/* End PBXTargetDependency section */

/* Begin PBXVariantGroup section */
		F7C3446F25D1BEC800F061DD /* Main.storyboard */ = {
			isa = PBXVariantGroup;
			children = (
				F7C3447025D1BEC800F061DD /* Base */,
			);
			name = Main.storyboard;
			sourceTree = "<group>";
		};
		F7C3447425D1BECC00F061DD /* LaunchScreen.storyboard */ = {
			isa = PBXVariantGroup;
			children = (
				F7C3447525D1BECC00F061DD /* Base */,
			);
			name = LaunchScreen.storyboard;
			sourceTree = "<group>";
		};
/* End PBXVariantGroup section */

/* Begin XCBuildConfiguration section */
		F7C3448E25D1BECC00F061DD /* Debug */ = {
			isa = XCBuildConfiguration;
			buildSettings = {
				ALWAYS_SEARCH_USER_PATHS = NO;
				CLANG_ANALYZER_NONNULL = YES;
				CLANG_ANALYZER_NUMBER_OBJECT_CONVERSION = YES_AGGRESSIVE;
				CLANG_CXX_LANGUAGE_STANDARD = "gnu++14";
				CLANG_CXX_LIBRARY = "libc++";
				CLANG_ENABLE_MODULES = YES;
				CLANG_ENABLE_OBJC_ARC = YES;
				CLANG_ENABLE_OBJC_WEAK = YES;
				CLANG_WARN_BLOCK_CAPTURE_AUTORELEASING = YES;
				CLANG_WARN_BOOL_CONVERSION = YES;
				CLANG_WARN_COMMA = YES;
				CLANG_WARN_CONSTANT_CONVERSION = YES;
				CLANG_WARN_DEPRECATED_OBJC_IMPLEMENTATIONS = YES;
				CLANG_WARN_DIRECT_OBJC_ISA_USAGE = YES_ERROR;
				CLANG_WARN_DOCUMENTATION_COMMENTS = YES;
				CLANG_WARN_EMPTY_BODY = YES;
				CLANG_WARN_ENUM_CONVERSION = YES;
				CLANG_WARN_INFINITE_RECURSION = YES;
				CLANG_WARN_INT_CONVERSION = YES;
				CLANG_WARN_NON_LITERAL_NULL_CONVERSION = YES;
				CLANG_WARN_OBJC_IMPLICIT_RETAIN_SELF = YES;
				CLANG_WARN_OBJC_LITERAL_CONVERSION = YES;
				CLANG_WARN_OBJC_ROOT_CLASS = YES_ERROR;
				CLANG_WARN_QUOTED_INCLUDE_IN_FRAMEWORK_HEADER = YES;
				CLANG_WARN_RANGE_LOOP_ANALYSIS = YES;
				CLANG_WARN_STRICT_PROTOTYPES = YES;
				CLANG_WARN_SUSPICIOUS_MOVE = YES;
				CLANG_WARN_UNGUARDED_AVAILABILITY = YES_AGGRESSIVE;
				CLANG_WARN_UNREACHABLE_CODE = YES;
				CLANG_WARN__DUPLICATE_METHOD_MATCH = YES;
				COPY_PHASE_STRIP = NO;
				DEBUG_INFORMATION_FORMAT = dwarf;
				ENABLE_STRICT_OBJC_MSGSEND = YES;
				ENABLE_TESTABILITY = YES;
				GCC_C_LANGUAGE_STANDARD = gnu11;
				GCC_DYNAMIC_NO_PIC = NO;
				GCC_NO_COMMON_BLOCKS = YES;
				GCC_OPTIMIZATION_LEVEL = 0;
				GCC_PREPROCESSOR_DEFINITIONS = (
					"DEBUG=1",
					"$(inherited)",
				);
				GCC_WARN_64_TO_32_BIT_CONVERSION = YES;
				GCC_WARN_ABOUT_RETURN_TYPE = YES_ERROR;
				GCC_WARN_UNDECLARED_SELECTOR = YES;
				GCC_WARN_UNINITIALIZED_AUTOS = YES_AGGRESSIVE;
				GCC_WARN_UNUSED_FUNCTION = YES;
				GCC_WARN_UNUSED_VARIABLE = YES;
				IPHONEOS_DEPLOYMENT_TARGET = 14.4;
				MTL_ENABLE_DEBUG_INFO = INCLUDE_SOURCE;
				MTL_FAST_MATH = YES;
				ONLY_ACTIVE_ARCH = YES;
				SDKROOT = iphoneos;
				SWIFT_ACTIVE_COMPILATION_CONDITIONS = DEBUG;
				SWIFT_OPTIMIZATION_LEVEL = "-Onone";
			};
			name = Debug;
		};
		F7C3448F25D1BECC00F061DD /* Release */ = {
			isa = XCBuildConfiguration;
			buildSettings = {
				ALWAYS_SEARCH_USER_PATHS = NO;
				CLANG_ANALYZER_NONNULL = YES;
				CLANG_ANALYZER_NUMBER_OBJECT_CONVERSION = YES_AGGRESSIVE;
				CLANG_CXX_LANGUAGE_STANDARD = "gnu++14";
				CLANG_CXX_LIBRARY = "libc++";
				CLANG_ENABLE_MODULES = YES;
				CLANG_ENABLE_OBJC_ARC = YES;
				CLANG_ENABLE_OBJC_WEAK = YES;
				CLANG_WARN_BLOCK_CAPTURE_AUTORELEASING = YES;
				CLANG_WARN_BOOL_CONVERSION = YES;
				CLANG_WARN_COMMA = YES;
				CLANG_WARN_CONSTANT_CONVERSION = YES;
				CLANG_WARN_DEPRECATED_OBJC_IMPLEMENTATIONS = YES;
				CLANG_WARN_DIRECT_OBJC_ISA_USAGE = YES_ERROR;
				CLANG_WARN_DOCUMENTATION_COMMENTS = YES;
				CLANG_WARN_EMPTY_BODY = YES;
				CLANG_WARN_ENUM_CONVERSION = YES;
				CLANG_WARN_INFINITE_RECURSION = YES;
				CLANG_WARN_INT_CONVERSION = YES;
				CLANG_WARN_NON_LITERAL_NULL_CONVERSION = YES;
				CLANG_WARN_OBJC_IMPLICIT_RETAIN_SELF = YES;
				CLANG_WARN_OBJC_LITERAL_CONVERSION = YES;
				CLANG_WARN_OBJC_ROOT_CLASS = YES_ERROR;
				CLANG_WARN_QUOTED_INCLUDE_IN_FRAMEWORK_HEADER = YES;
				CLANG_WARN_RANGE_LOOP_ANALYSIS = YES;
				CLANG_WARN_STRICT_PROTOTYPES = YES;
				CLANG_WARN_SUSPICIOUS_MOVE = YES;
				CLANG_WARN_UNGUARDED_AVAILABILITY = YES_AGGRESSIVE;
				CLANG_WARN_UNREACHABLE_CODE = YES;
				CLANG_WARN__DUPLICATE_METHOD_MATCH = YES;
				COPY_PHASE_STRIP = NO;
				DEBUG_INFORMATION_FORMAT = "dwarf-with-dsym";
				ENABLE_NS_ASSERTIONS = NO;
				ENABLE_STRICT_OBJC_MSGSEND = YES;
				GCC_C_LANGUAGE_STANDARD = gnu11;
				GCC_NO_COMMON_BLOCKS = YES;
				GCC_WARN_64_TO_32_BIT_CONVERSION = YES;
				GCC_WARN_ABOUT_RETURN_TYPE = YES_ERROR;
				GCC_WARN_UNDECLARED_SELECTOR = YES;
				GCC_WARN_UNINITIALIZED_AUTOS = YES_AGGRESSIVE;
				GCC_WARN_UNUSED_FUNCTION = YES;
				GCC_WARN_UNUSED_VARIABLE = YES;
				IPHONEOS_DEPLOYMENT_TARGET = 14.4;
				MTL_ENABLE_DEBUG_INFO = NO;
				MTL_FAST_MATH = YES;
				SDKROOT = iphoneos;
				SWIFT_COMPILATION_MODE = wholemodule;
				SWIFT_OPTIMIZATION_LEVEL = "-O";
				VALIDATE_PRODUCT = YES;
			};
			name = Release;
		};
		F7C3449125D1BECC00F061DD /* Debug */ = {
			isa = XCBuildConfiguration;
			buildSettings = {
				ASSETCATALOG_COMPILER_APPICON_NAME = AppIcon;
				ASSETCATALOG_COMPILER_GLOBAL_ACCENT_COLOR_NAME = AccentColor;
				CODE_SIGN_STYLE = Automatic;
				INFOPLIST_FILE = Parstagram/Info.plist;
				LD_RUNPATH_SEARCH_PATHS = (
					"$(inherited)",
					"@executable_path/Frameworks",
				);
				PRODUCT_BUNDLE_IDENTIFIER = LydiaQiao.Parstagram;
				PRODUCT_NAME = "$(TARGET_NAME)";
				SWIFT_VERSION = 5.0;
				TARGETED_DEVICE_FAMILY = "1,2";
			};
			name = Debug;
		};
		F7C3449225D1BECC00F061DD /* Release */ = {
			isa = XCBuildConfiguration;
			buildSettings = {
				ASSETCATALOG_COMPILER_APPICON_NAME = AppIcon;
				ASSETCATALOG_COMPILER_GLOBAL_ACCENT_COLOR_NAME = AccentColor;
				CODE_SIGN_STYLE = Automatic;
				INFOPLIST_FILE = Parstagram/Info.plist;
				LD_RUNPATH_SEARCH_PATHS = (
					"$(inherited)",
					"@executable_path/Frameworks",
				);
				PRODUCT_BUNDLE_IDENTIFIER = LydiaQiao.Parstagram;
				PRODUCT_NAME = "$(TARGET_NAME)";
				SWIFT_VERSION = 5.0;
				TARGETED_DEVICE_FAMILY = "1,2";
			};
			name = Release;
		};
		F7C3449425D1BECC00F061DD /* Debug */ = {
			isa = XCBuildConfiguration;
			buildSettings = {
				ALWAYS_EMBED_SWIFT_STANDARD_LIBRARIES = YES;
				BUNDLE_LOADER = "$(TEST_HOST)";
				CODE_SIGN_STYLE = Automatic;
				INFOPLIST_FILE = ParstagramTests/Info.plist;
				IPHONEOS_DEPLOYMENT_TARGET = 14.4;
				LD_RUNPATH_SEARCH_PATHS = (
					"$(inherited)",
					"@executable_path/Frameworks",
					"@loader_path/Frameworks",
				);
				PRODUCT_BUNDLE_IDENTIFIER = LydiaQiao.ParstagramTests;
				PRODUCT_NAME = "$(TARGET_NAME)";
				SWIFT_VERSION = 5.0;
				TARGETED_DEVICE_FAMILY = "1,2";
				TEST_HOST = "$(BUILT_PRODUCTS_DIR)/Parstagram.app/Parstagram";
			};
			name = Debug;
		};
		F7C3449525D1BECC00F061DD /* Release */ = {
			isa = XCBuildConfiguration;
			buildSettings = {
				ALWAYS_EMBED_SWIFT_STANDARD_LIBRARIES = YES;
				BUNDLE_LOADER = "$(TEST_HOST)";
				CODE_SIGN_STYLE = Automatic;
				INFOPLIST_FILE = ParstagramTests/Info.plist;
				IPHONEOS_DEPLOYMENT_TARGET = 14.4;
				LD_RUNPATH_SEARCH_PATHS = (
					"$(inherited)",
					"@executable_path/Frameworks",
					"@loader_path/Frameworks",
				);
				PRODUCT_BUNDLE_IDENTIFIER = LydiaQiao.ParstagramTests;
				PRODUCT_NAME = "$(TARGET_NAME)";
				SWIFT_VERSION = 5.0;
				TARGETED_DEVICE_FAMILY = "1,2";
				TEST_HOST = "$(BUILT_PRODUCTS_DIR)/Parstagram.app/Parstagram";
			};
			name = Release;
		};
		F7C3449725D1BECC00F061DD /* Debug */ = {
			isa = XCBuildConfiguration;
			buildSettings = {
				ALWAYS_EMBED_SWIFT_STANDARD_LIBRARIES = YES;
				CODE_SIGN_STYLE = Automatic;
				INFOPLIST_FILE = ParstagramUITests/Info.plist;
				LD_RUNPATH_SEARCH_PATHS = (
					"$(inherited)",
					"@executable_path/Frameworks",
					"@loader_path/Frameworks",
				);
				PRODUCT_BUNDLE_IDENTIFIER = LydiaQiao.ParstagramUITests;
				PRODUCT_NAME = "$(TARGET_NAME)";
				SWIFT_VERSION = 5.0;
				TARGETED_DEVICE_FAMILY = "1,2";
				TEST_TARGET_NAME = Parstagram;
			};
			name = Debug;
		};
		F7C3449825D1BECC00F061DD /* Release */ = {
			isa = XCBuildConfiguration;
			buildSettings = {
				ALWAYS_EMBED_SWIFT_STANDARD_LIBRARIES = YES;
				CODE_SIGN_STYLE = Automatic;
				INFOPLIST_FILE = ParstagramUITests/Info.plist;
				LD_RUNPATH_SEARCH_PATHS = (
					"$(inherited)",
					"@executable_path/Frameworks",
					"@loader_path/Frameworks",
				);
				PRODUCT_BUNDLE_IDENTIFIER = LydiaQiao.ParstagramUITests;
				PRODUCT_NAME = "$(TARGET_NAME)";
				SWIFT_VERSION = 5.0;
				TARGETED_DEVICE_FAMILY = "1,2";
				TEST_TARGET_NAME = Parstagram;
			};
			name = Release;
		};
/* End XCBuildConfiguration section */

/* Begin XCConfigurationList section */
		F7C3446125D1BEC800F061DD /* Build configuration list for PBXProject "Parstagram" */ = {
			isa = XCConfigurationList;
			buildConfigurations = (
				F7C3448E25D1BECC00F061DD /* Debug */,
				F7C3448F25D1BECC00F061DD /* Release */,
			);
			defaultConfigurationIsVisible = 0;
			defaultConfigurationName = Release;
		};
		F7C3449025D1BECC00F061DD /* Build configuration list for PBXNativeTarget "Parstagram" */ = {
			isa = XCConfigurationList;
			buildConfigurations = (
				F7C3449125D1BECC00F061DD /* Debug */,
				F7C3449225D1BECC00F061DD /* Release */,
			);
			defaultConfigurationIsVisible = 0;
			defaultConfigurationName = Release;
		};
		F7C3449325D1BECC00F061DD /* Build configuration list for PBXNativeTarget "ParstagramTests" */ = {
			isa = XCConfigurationList;
			buildConfigurations = (
				F7C3449425D1BECC00F061DD /* Debug */,
				F7C3449525D1BECC00F061DD /* Release */,
			);
			defaultConfigurationIsVisible = 0;
			defaultConfigurationName = Release;
		};
		F7C3449625D1BECC00F061DD /* Build configuration list for PBXNativeTarget "ParstagramUITests" */ = {
			isa = XCConfigurationList;
			buildConfigurations = (
				F7C3449725D1BECC00F061DD /* Debug */,
				F7C3449825D1BECC00F061DD /* Release */,
			);
			defaultConfigurationIsVisible = 0;
			defaultConfigurationName = Release;
		};
/* End XCConfigurationList section */
	};
	rootObject = F7C3445E25D1BEC800F061DD /* Project object */;
}
